Microsoft Visual Studio Solution File, Format Version 12.00
# Visual Studio Version 17
VisualStudioVersion = 17.13.35931.197
MinimumVisualStudioVersion = 10.0.40219.1
Project("{FAE04EC0-301F-11D3-BF4B-00C04F79EFBC}") = "Pixeval.Backend", "Pixeval.Backend\Pixeval.Backend.csproj", "{30FCDF7A-8342-4583-8A39-5CC23DC0813A}"
EndProject
Global
	GlobalSection(SolutionConfigurationPlatforms) = preSolution
		Debug|Any CPU = Debug|Any CPU
		Release|Any CPU = Release|Any CPU
	EndGlobalSection
	GlobalSection(ProjectConfigurationPlatforms) = postSolution
		{30FCDF7A-8342-4583-8A39-5CC23DC0813A}.Debug|Any CPU.ActiveCfg = Debug|Any CPU
		{30FCDF7A-8342-4583-8A39-5CC23DC0813A}.Debug|Any CPU.Build.0 = Debug|Any CPU
		{30FCDF7A-8342-4583-8A39-5CC23DC0813A}.Release|Any CPU.ActiveCfg = Release|Any CPU
		{30FCDF7A-8342-4583-8A39-5CC23DC0813A}.Release|Any CPU.Build.0 = Release|Any CPU
	EndGlobalSection
	GlobalSection(SolutionProperties) = preSolution
		HideSolutionNode = FALSE
	EndGlobalSection
	GlobalSection(ExtensibilityGlobals) = postSolution
		SolutionGuid = {D5EC1A99-1B7D-4961-ADAE-6FD25A7352BB}
	EndGlobalSection
EndGlobal
